
Microsoft Visual Studio Solution File, Format Version 12.00
Project("{FAE04EC0-301F-11D3-BF4B-00C04F79EFBC}") = "Rocket.Api.Host", "Rocket.Api.Host\Rocket.Api.Host.csproj", "{540D8B5E-1B92-4B78-BEF3-5B7ED0FF119D}"
EndProject
Project("{FAE04EC0-301F-11D3-BF4B-00C04F79EFBC}") = "Rocket.Infrastructure.Db.Mongo", "Rocket.Infrastructure.Db.Mongo\Rocket.Infrastructure.Db.Mongo.csproj", "{8F58020A-BD1F-48E7-BB84-A72A1FB78585}"
EndProject
Project("{FAE04EC0-301F-11D3-BF4B-00C04F79EFBC}") = "Rocket.Domain", "Rocket.Domain\Rocket.Domain.csproj", "{DD28A4F8-3123-45EF-B5D2-2B36A0BB44E7}"
EndProject
Project("{FAE04EC0-301F-11D3-BF4B-00C04F79EFBC}") = "Rocket.Interfaces", "Rocket.Interfaces\Rocket.Interfaces.csproj", "{7D475DD1-9B19-4ABD-A1CE-BF2BD267A17C}"
EndProject
Project("{FAE04EC0-301F-11D3-BF4B-00C04F79EFBC}") = "Rocket.Tests.Unit", "Rocket.Tests.Unit\Rocket.Tests.Unit.csproj", "{DA986CAB-AC2C-428E-BFA3-624FB29423EE}"
EndProject
Project("{FAE04EC0-301F-11D3-BF4B-00C04F79EFBC}") = "Rocket.Api.Contracts", "Rocket.Api.Contracts\Rocket.Api.Contracts.csproj", "{859505EB-BD8A-4C8C-A7DB-FAE217D39B78}"
EndProject
Project("{FAE04EC0-301F-11D3-BF4B-00C04F79EFBC}") = "Rocket.Infrastructure", "Rocket.Infrastructure\Rocket.Infrastructure.csproj", "{FDA67AEB-0FBD-4FE0-8644-D335B876ADD4}"
EndProject
Project("{FAE04EC0-301F-11D3-BF4B-00C04F79EFBC}") = "Rocket.Infrastructure.Blob.Local", "Rocket.Infrastructure.Blob.Local\Rocket.Infrastructure.Blob.Local.csproj", "{446C8BD1-0E79-4318-B4EA-2837F6F17F38}"
EndProject
Project("{FAE04EC0-301F-11D3-BF4B-00C04F79EFBC}") = "Rocket.Infrastructure.Hashing", "Rocket.Infrastructure.Hashing\Rocket.Infrastructure.Hashing.csproj", "{316997CF-2A8B-4FAA-BB35-8AF5928AEA5B}"
EndProject
Project("{FAE04EC0-301F-11D3-BF4B-00C04F79EFBC}") = "Rocket.Web.Host", "Rocket.Web.Host\Rocket.Web.Host.csproj", "{E51AD1B4-4C8E-48A0-9158-B9146DAF4F47}"
EndProject
Project("{FAE04EC0-301F-11D3-BF4B-00C04F79EFBC}") = "Rocket.Infrastructure.Thumbnails", "Rocket.Infrastructure.Thumbnails\Rocket.Infrastructure.Thumbnails.csproj", "{4902F824-F94E-4DC3-BDAA-4457073BCA2C}"
EndProject
Project("{2150E333-8FDC-42A3-9474-1A3956D46DE8}") = "Integrations", "Integrations", "{365B0452-4BCB-4E07-B1AC-4D2760A4C710}"
EndProject
Project("{FAE04EC0-301F-11D3-BF4B-00C04F79EFBC}") = "Rocket.Dropbox.Infrastructure", "Integrations\Dropbox\Rocket.Dropbox.Infrastructure\Rocket.Dropbox.Infrastructure.csproj", "{121393B8-1E90-4620-A200-444315FFB75D}"
EndProject
Project("{FAE04EC0-301F-11D3-BF4B-00C04F79EFBC}") = "Rocket.Dropbox.Contracts", "Integrations\Dropbox\Rocket.Dropbox.Contracts\Rocket.Dropbox.Contracts.csproj", "{24A4F6B2-5761-4888-9B25-1E79A23E8572}"
EndProject
Project("{FAE04EC0-301F-11D3-BF4B-00C04F79EFBC}") = "Rocket.Dropbox.Injection", "Integrations\Dropbox\Rocket.Dropbox.Injection\Rocket.Dropbox.Injection.csproj", "{F46B0519-54A9-4F29-BB69-B5D23B8E1360}"
EndProject
Project("{FAE04EC0-301F-11D3-BF4B-00C04F79EFBC}") = "Rocket.Dropbox.Domain", "Integrations\Dropbox\Rocket.Dropbox.Domain\Rocket.Dropbox.Domain.csproj", "{CC415B91-1DE4-46AC-BAF3-6B85DAA154C9}"
EndProject
Project("{FAE04EC0-301F-11D3-BF4B-00C04F79EFBC}") = "Rocket.Infrastructure.Json", "Rocket.Infrastructure.Json\Rocket.Infrastructure.Json.csproj", "{09B480E9-2485-49DB-843D-FB818A4CA41E}"
EndProject
Project("{FAE04EC0-301F-11D3-BF4B-00C04F79EFBC}") = "Rocket.Infrastructure.Mapping", "Rocket.Infrastructure.Mapping\Rocket.Infrastructure.Mapping.csproj", "{A531A387-7777-43BC-B3E5-A8C520B177CB}"
EndProject
Project("{FAE04EC0-301F-11D3-BF4B-00C04F79EFBC}") = "Rocket.Web.Client", "Rocket.Web.Client\Rocket.Web.Client.csproj", "{1A0E10B4-2357-4536-AD4A-B4E3BB291E80}"
EndProject
Project("{FAE04EC0-301F-11D3-BF4B-00C04F79EFBC}") = "Rocket.Jobs.Service", "Rocket.Jobs.Service\Rocket.Jobs.Service.csproj", "{E1882690-70C7-4DF0-BE2D-C4A36323D745}"
EndProject
Project("{FAE04EC0-301F-11D3-BF4B-00C04F79EFBC}") = "Rocket.Infrastructure.Mermaid", "Rocket.Infrastructure.Mermaid\Rocket.Infrastructure.Mermaid.csproj", "{D7EFC73F-34D7-4F9B-993A-9D248AFF624B}"
EndProject
Project("{FAE04EC0-301F-11D3-BF4B-00C04F79EFBC}") = "Rocket.Infrastructure.Detection", "Rocket.Infrastructure.Detection\Rocket.Infrastructure.Detection.csproj", "{0FD5BCBD-227F-41F9-81BB-FC0AE81A91EF}"
EndProject
Project("{FAE04EC0-301F-11D3-BF4B-00C04F79EFBC}") = "Rocket.MaxOcr.Contracts", "Integrations\MaxOcr\Rocket.MaxOcr.Contracts\Rocket.MaxOcr.Contracts.csproj", "{2339BF0D-968C-465C-8D8E-3A9853F2B834}"
EndProject
Project("{FAE04EC0-301F-11D3-BF4B-00C04F79EFBC}") = "Rocket.MaxOcr.Domain", "Integrations\MaxOcr\Rocket.MaxOcr.Domain\Rocket.MaxOcr.Domain.csproj", "{89B90F6D-08C2-4AA9-B124-68CCE1DA9B08}"
EndProject
Project("{FAE04EC0-301F-11D3-BF4B-00C04F79EFBC}") = "Rocket.MaxOcr.Injection", "Integrations\MaxOcr\Rocket.MaxOcr.Injection\Rocket.MaxOcr.Injection.csproj", "{BD10E927-03F7-440A-BC3E-F307503CCAF6}"
EndProject
Project("{FAE04EC0-301F-11D3-BF4B-00C04F79EFBC}") = "Rocket.MaxOcr.Infrastructure", "Integrations\MaxOcr\Rocket.MaxOcr.Infrastructure\Rocket.MaxOcr.Infrastructure.csproj", "{0BA9C168-B2A5-418F-8F13-24D273A54E99}"
EndProject
Project("{2150E333-8FDC-42A3-9474-1A3956D46DE8}") = "Dropbox", "Dropbox", "{42CB70A2-68E4-4EB7-8AAD-4E2F987D01BA}"
EndProject
Project("{2150E333-8FDC-42A3-9474-1A3956D46DE8}") = "MaxOcr", "MaxOcr", "{57F97432-0A3A-4947-9C94-C1937E658D1F}"
EndProject
Project("{2150E333-8FDC-42A3-9474-1A3956D46DE8}") = "Ollama", "Ollama", "{E02E9B38-E79C-4C27-8C1E-5E37705A72D0}"
EndProject
Project("{FAE04EC0-301F-11D3-BF4B-00C04F79EFBC}") = "Rocket.Ollama.Domain", "Integrations\Ollama\Rocket.Ollama.Domain\Rocket.Ollama.Domain.csproj", "{574C28CE-D24B-427C-B663-BDC41EB7255A}"
EndProject
Project("{FAE04EC0-301F-11D3-BF4B-00C04F79EFBC}") = "Rocket.Ollama.Contracts", "Integrations\Ollama\Rocket.Ollama.Contracts\Rocket.Ollama.Contracts.csproj", "{CF21066E-11C9-4BCF-B21B-2D7CB17611A1}"
EndProject
Project("{FAE04EC0-301F-11D3-BF4B-00C04F79EFBC}") = "Rocket.Ollama.Infrastructure", "Integrations\Ollama\Rocket.Ollama.Infrastructure\Rocket.Ollama.Infrastructure.csproj", "{B62D19C1-7ED0-4482-9836-2EBA884CF83F}"
EndProject
Project("{FAE04EC0-301F-11D3-BF4B-00C04F79EFBC}") = "Rocket.Ollama.Injection", "Integrations\Ollama\Rocket.Ollama.Injection\Rocket.Ollama.Injection.csproj", "{53D5CCFD-982C-477D-A8B8-B16D9F1CB08B}"
EndProject
Project("{2150E333-8FDC-42A3-9474-1A3956D46DE8}") = "Notion", "Notion", "{84FBE110-0D05-4831-9467-24C690D7563E}"
EndProject
Project("{FAE04EC0-301F-11D3-BF4B-00C04F79EFBC}") = "Rocket.Notion.Domain", "Integrations\Notion\Rocket.Notion.Domain\Rocket.Notion.Domain.csproj", "{A1C5D605-4521-4294-869C-735F74511984}"
EndProject
Project("{FAE04EC0-301F-11D3-BF4B-00C04F79EFBC}") = "Rocket.Notion.Contracts", "Integrations\Notion\Rocket.Notion.Contracts\Rocket.Notion.Contracts.csproj", "{B42EF7CD-F0D1-4155-88FA-EFAE030EDCF4}"
EndProject
Project("{FAE04EC0-301F-11D3-BF4B-00C04F79EFBC}") = "Rocket.Notion.Infrastructure", "Integrations\Notion\Rocket.Notion.Infrastructure\Rocket.Notion.Infrastructure.csproj", "{A6896773-6B07-4D48-A007-64802E25A034}"
EndProject
Project("{FAE04EC0-301F-11D3-BF4B-00C04F79EFBC}") = "Rocket.Notion.Injection", "Integrations\Notion\Rocket.Notion.Injection\Rocket.Notion.Injection.csproj", "{0C881348-6A72-41EA-99AA-9070A3E1E1A2}"
EndProject
Project("{2150E333-8FDC-42A3-9474-1A3956D46DE8}") = "Diagnostics", "Diagnostics", "{2F35331B-7C2C-4C4F-B90D-DA4F8E0B4F45}"
EndProject
Project("{FAE04EC0-301F-11D3-BF4B-00C04F79EFBC}") = "Rocket.Diagnostics.Domain", "Integrations\Diagnostics\Rocket.Diagnostics.Domain\Rocket.Diagnostics.Domain.csproj", "{3E175D0D-40E2-438F-B7C4-A6F4A7417582}"
EndProject
Project("{FAE04EC0-301F-11D3-BF4B-00C04F79EFBC}") = "Rocket.Diagnostics.Contracts", "Integrations\Diagnostics\Rocket.Diagnostics.Contracts\Rocket.Diagnostics.Contracts.csproj", "{65624FFF-3BAB-47CC-918C-5AEF8E1D0B8F}"
EndProject
Project("{FAE04EC0-301F-11D3-BF4B-00C04F79EFBC}") = "Rocket.Diagnostics.Infrastructure", "Integrations\Diagnostics\Rocket.Diagnostics.Infrastructure\Rocket.Diagnostics.Infrastructure.csproj", "{7ACB47E2-A357-4CF8-95D1-98297733C089}"
EndProject
Project("{FAE04EC0-301F-11D3-BF4B-00C04F79EFBC}") = "Rocket.Diagnostics.Injection", "Integrations\Diagnostics\Rocket.Diagnostics.Injection\Rocket.Diagnostics.Injection.csproj", "{8F73CAE3-2CFE-4028-90BB-D72AFB5DECE4}"
EndProject
Project("{2150E333-8FDC-42A3-9474-1A3956D46DE8}") = "Google", "Google", "{445F8544-3B58-4B2B-84CE-D5B983656989}"
EndProject
Project("{2150E333-8FDC-42A3-9474-1A3956D46DE8}") = "Gcp", "Gcp", "{5CEEE9EB-53E9-48DF-BF2D-E4E5FE371042}"
EndProject
Project("{FAE04EC0-301F-11D3-BF4B-00C04F79EFBC}") = "Rocket.Gcp.Domain", "Integrations\Google\Gcp\Rocket.Gcp.Domain\Rocket.Gcp.Domain.csproj", "{646A75FB-7888-426C-9F06-F838E507E5F5}"
EndProject
Project("{FAE04EC0-301F-11D3-BF4B-00C04F79EFBC}") = "Rocket.Gcp.Contracts", "Integrations\Google\Gcp\Rocket.Gcp.Contracts\Rocket.Gcp.Contracts.csproj", "{1341408E-ADC3-4A3B-9AD7-0FD4CA0E43F6}"
EndProject
Project("{FAE04EC0-301F-11D3-BF4B-00C04F79EFBC}") = "Rocket.Gcp.Infrastructure", "Integrations\Google\Gcp\Rocket.Gcp.Infrastructure\Rocket.Gcp.Infrastructure.csproj", "{46BF26CE-C14E-49A2-9966-57DADFE568AE}"
EndProject
Project("{FAE04EC0-301F-11D3-BF4B-00C04F79EFBC}") = "Rocket.Gcp.Injection", "Integrations\Google\Gcp\Rocket.Gcp.Injection\Rocket.Gcp.Injection.csproj", "{F5A29672-DDCE-4633-82C1-FF7AFDE411D5}"
EndProject
Global
	GlobalSection(SolutionConfigurationPlatforms) = preSolution
		Debug|Any CPU = Debug|Any CPU
		Release|Any CPU = Release|Any CPU
	EndGlobalSection
	GlobalSection(ProjectConfigurationPlatforms) = postSolution
		{00F10B8E-E4A3-4B77-AC50-378C6926D8A5}.Debug|Any CPU.ActiveCfg = Debug|Any CPU
		{00F10B8E-E4A3-4B77-AC50-378C6926D8A5}.Debug|Any CPU.Build.0 = Debug|Any CPU
		{00F10B8E-E4A3-4B77-AC50-378C6926D8A5}.Release|Any CPU.ActiveCfg = Release|Any CPU
		{00F10B8E-E4A3-4B77-AC50-378C6926D8A5}.Release|Any CPU.Build.0 = Release|Any CPU
		{540D8B5E-1B92-4B78-BEF3-5B7ED0FF119D}.Debug|Any CPU.ActiveCfg = Debug|Any CPU
		{540D8B5E-1B92-4B78-BEF3-5B7ED0FF119D}.Debug|Any CPU.Build.0 = Debug|Any CPU
		{540D8B5E-1B92-4B78-BEF3-5B7ED0FF119D}.Release|Any CPU.ActiveCfg = Release|Any CPU
		{540D8B5E-1B92-4B78-BEF3-5B7ED0FF119D}.Release|Any CPU.Build.0 = Release|Any CPU
		{8F58020A-BD1F-48E7-BB84-A72A1FB78585}.Debug|Any CPU.ActiveCfg = Debug|Any CPU
		{8F58020A-BD1F-48E7-BB84-A72A1FB78585}.Debug|Any CPU.Build.0 = Debug|Any CPU
		{8F58020A-BD1F-48E7-BB84-A72A1FB78585}.Release|Any CPU.ActiveCfg = Release|Any CPU
		{8F58020A-BD1F-48E7-BB84-A72A1FB78585}.Release|Any CPU.Build.0 = Release|Any CPU
		{DD28A4F8-3123-45EF-B5D2-2B36A0BB44E7}.Debug|Any CPU.ActiveCfg = Debug|Any CPU
		{DD28A4F8-3123-45EF-B5D2-2B36A0BB44E7}.Debug|Any CPU.Build.0 = Debug|Any CPU
		{DD28A4F8-3123-45EF-B5D2-2B36A0BB44E7}.Release|Any CPU.ActiveCfg = Release|Any CPU
		{DD28A4F8-3123-45EF-B5D2-2B36A0BB44E7}.Release|Any CPU.Build.0 = Release|Any CPU
		{7D475DD1-9B19-4ABD-A1CE-BF2BD267A17C}.Debug|Any CPU.ActiveCfg = Debug|Any CPU
		{7D475DD1-9B19-4ABD-A1CE-BF2BD267A17C}.Debug|Any CPU.Build.0 = Debug|Any CPU
		{7D475DD1-9B19-4ABD-A1CE-BF2BD267A17C}.Release|Any CPU.ActiveCfg = Release|Any CPU
		{7D475DD1-9B19-4ABD-A1CE-BF2BD267A17C}.Release|Any CPU.Build.0 = Release|Any CPU
		{DA986CAB-AC2C-428E-BFA3-624FB29423EE}.Debug|Any CPU.ActiveCfg = Debug|Any CPU
		{DA986CAB-AC2C-428E-BFA3-624FB29423EE}.Debug|Any CPU.Build.0 = Debug|Any CPU
		{DA986CAB-AC2C-428E-BFA3-624FB29423EE}.Release|Any CPU.ActiveCfg = Release|Any CPU
		{DA986CAB-AC2C-428E-BFA3-624FB29423EE}.Release|Any CPU.Build.0 = Release|Any CPU
		{859505EB-BD8A-4C8C-A7DB-FAE217D39B78}.Debug|Any CPU.ActiveCfg = Debug|Any CPU
		{859505EB-BD8A-4C8C-A7DB-FAE217D39B78}.Debug|Any CPU.Build.0 = Debug|Any CPU
		{859505EB-BD8A-4C8C-A7DB-FAE217D39B78}.Release|Any CPU.ActiveCfg = Release|Any CPU
		{859505EB-BD8A-4C8C-A7DB-FAE217D39B78}.Release|Any CPU.Build.0 = Release|Any CPU
		{FDA67AEB-0FBD-4FE0-8644-D335B876ADD4}.Debug|Any CPU.ActiveCfg = Debug|Any CPU
		{FDA67AEB-0FBD-4FE0-8644-D335B876ADD4}.Debug|Any CPU.Build.0 = Debug|Any CPU
		{FDA67AEB-0FBD-4FE0-8644-D335B876ADD4}.Release|Any CPU.ActiveCfg = Release|Any CPU
		{FDA67AEB-0FBD-4FE0-8644-D335B876ADD4}.Release|Any CPU.Build.0 = Release|Any CPU
		{446C8BD1-0E79-4318-B4EA-2837F6F17F38}.Debug|Any CPU.ActiveCfg = Debug|Any CPU
		{446C8BD1-0E79-4318-B4EA-2837F6F17F38}.Debug|Any CPU.Build.0 = Debug|Any CPU
		{446C8BD1-0E79-4318-B4EA-2837F6F17F38}.Release|Any CPU.ActiveCfg = Release|Any CPU
		{446C8BD1-0E79-4318-B4EA-2837F6F17F38}.Release|Any CPU.Build.0 = Release|Any CPU
		{316997CF-2A8B-4FAA-BB35-8AF5928AEA5B}.Debug|Any CPU.ActiveCfg = Debug|Any CPU
		{316997CF-2A8B-4FAA-BB35-8AF5928AEA5B}.Debug|Any CPU.Build.0 = Debug|Any CPU
		{316997CF-2A8B-4FAA-BB35-8AF5928AEA5B}.Release|Any CPU.ActiveCfg = Release|Any CPU
		{316997CF-2A8B-4FAA-BB35-8AF5928AEA5B}.Release|Any CPU.Build.0 = Release|Any CPU
		{E51AD1B4-4C8E-48A0-9158-B9146DAF4F47}.Debug|Any CPU.ActiveCfg = Debug|Any CPU
		{E51AD1B4-4C8E-48A0-9158-B9146DAF4F47}.Debug|Any CPU.Build.0 = Debug|Any CPU
		{E51AD1B4-4C8E-48A0-9158-B9146DAF4F47}.Release|Any CPU.ActiveCfg = Release|Any CPU
		{E51AD1B4-4C8E-48A0-9158-B9146DAF4F47}.Release|Any CPU.Build.0 = Release|Any CPU
		{4902F824-F94E-4DC3-BDAA-4457073BCA2C}.Debug|Any CPU.ActiveCfg = Debug|Any CPU
		{4902F824-F94E-4DC3-BDAA-4457073BCA2C}.Debug|Any CPU.Build.0 = Debug|Any CPU
		{4902F824-F94E-4DC3-BDAA-4457073BCA2C}.Release|Any CPU.ActiveCfg = Release|Any CPU
		{4902F824-F94E-4DC3-BDAA-4457073BCA2C}.Release|Any CPU.Build.0 = Release|Any CPU
		{121393B8-1E90-4620-A200-444315FFB75D}.Debug|Any CPU.ActiveCfg = Debug|Any CPU
		{121393B8-1E90-4620-A200-444315FFB75D}.Debug|Any CPU.Build.0 = Debug|Any CPU
		{121393B8-1E90-4620-A200-444315FFB75D}.Release|Any CPU.ActiveCfg = Release|Any CPU
		{121393B8-1E90-4620-A200-444315FFB75D}.Release|Any CPU.Build.0 = Release|Any CPU
		{24A4F6B2-5761-4888-9B25-1E79A23E8572}.Debug|Any CPU.ActiveCfg = Debug|Any CPU
		{24A4F6B2-5761-4888-9B25-1E79A23E8572}.Debug|Any CPU.Build.0 = Debug|Any CPU
		{24A4F6B2-5761-4888-9B25-1E79A23E8572}.Release|Any CPU.ActiveCfg = Release|Any CPU
		{24A4F6B2-5761-4888-9B25-1E79A23E8572}.Release|Any CPU.Build.0 = Release|Any CPU
		{F46B0519-54A9-4F29-BB69-B5D23B8E1360}.Debug|Any CPU.ActiveCfg = Debug|Any CPU
		{F46B0519-54A9-4F29-BB69-B5D23B8E1360}.Debug|Any CPU.Build.0 = Debug|Any CPU
		{F46B0519-54A9-4F29-BB69-B5D23B8E1360}.Release|Any CPU.ActiveCfg = Release|Any CPU
		{F46B0519-54A9-4F29-BB69-B5D23B8E1360}.Release|Any CPU.Build.0 = Release|Any CPU
		{09B480E9-2485-49DB-843D-FB818A4CA41E}.Debug|Any CPU.ActiveCfg = Debug|Any CPU
		{09B480E9-2485-49DB-843D-FB818A4CA41E}.Debug|Any CPU.Build.0 = Debug|Any CPU
		{09B480E9-2485-49DB-843D-FB818A4CA41E}.Release|Any CPU.ActiveCfg = Release|Any CPU
		{09B480E9-2485-49DB-843D-FB818A4CA41E}.Release|Any CPU.Build.0 = Release|Any CPU
		{A531A387-7777-43BC-B3E5-A8C520B177CB}.Debug|Any CPU.ActiveCfg = Debug|Any CPU
		{A531A387-7777-43BC-B3E5-A8C520B177CB}.Debug|Any CPU.Build.0 = Debug|Any CPU
		{A531A387-7777-43BC-B3E5-A8C520B177CB}.Release|Any CPU.ActiveCfg = Release|Any CPU
		{A531A387-7777-43BC-B3E5-A8C520B177CB}.Release|Any CPU.Build.0 = Release|Any CPU
		{1A0E10B4-2357-4536-AD4A-B4E3BB291E80}.Debug|Any CPU.ActiveCfg = Debug|Any CPU
		{1A0E10B4-2357-4536-AD4A-B4E3BB291E80}.Debug|Any CPU.Build.0 = Debug|Any CPU
		{1A0E10B4-2357-4536-AD4A-B4E3BB291E80}.Release|Any CPU.ActiveCfg = Release|Any CPU
		{1A0E10B4-2357-4536-AD4A-B4E3BB291E80}.Release|Any CPU.Build.0 = Release|Any CPU
		{E1882690-70C7-4DF0-BE2D-C4A36323D745}.Debug|Any CPU.ActiveCfg = Debug|Any CPU
		{E1882690-70C7-4DF0-BE2D-C4A36323D745}.Debug|Any CPU.Build.0 = Debug|Any CPU
		{E1882690-70C7-4DF0-BE2D-C4A36323D745}.Release|Any CPU.ActiveCfg = Release|Any CPU
		{E1882690-70C7-4DF0-BE2D-C4A36323D745}.Release|Any CPU.Build.0 = Release|Any CPU
		{D7EFC73F-34D7-4F9B-993A-9D248AFF624B}.Debug|Any CPU.ActiveCfg = Debug|Any CPU
		{D7EFC73F-34D7-4F9B-993A-9D248AFF624B}.Debug|Any CPU.Build.0 = Debug|Any CPU
		{D7EFC73F-34D7-4F9B-993A-9D248AFF624B}.Release|Any CPU.ActiveCfg = Release|Any CPU
		{D7EFC73F-34D7-4F9B-993A-9D248AFF624B}.Release|Any CPU.Build.0 = Release|Any CPU
		{0FD5BCBD-227F-41F9-81BB-FC0AE81A91EF}.Debug|Any CPU.ActiveCfg = Debug|Any CPU
		{0FD5BCBD-227F-41F9-81BB-FC0AE81A91EF}.Debug|Any CPU.Build.0 = Debug|Any CPU
		{0FD5BCBD-227F-41F9-81BB-FC0AE81A91EF}.Release|Any CPU.ActiveCfg = Release|Any CPU
		{0FD5BCBD-227F-41F9-81BB-FC0AE81A91EF}.Release|Any CPU.Build.0 = Release|Any CPU
		{CC415B91-1DE4-46AC-BAF3-6B85DAA154C9}.Debug|Any CPU.ActiveCfg = Debug|Any CPU
		{CC415B91-1DE4-46AC-BAF3-6B85DAA154C9}.Debug|Any CPU.Build.0 = Debug|Any CPU
		{CC415B91-1DE4-46AC-BAF3-6B85DAA154C9}.Release|Any CPU.ActiveCfg = Release|Any CPU
		{CC415B91-1DE4-46AC-BAF3-6B85DAA154C9}.Release|Any CPU.Build.0 = Release|Any CPU
		{2339BF0D-968C-465C-8D8E-3A9853F2B834}.Debug|Any CPU.ActiveCfg = Debug|Any CPU
		{2339BF0D-968C-465C-8D8E-3A9853F2B834}.Debug|Any CPU.Build.0 = Debug|Any CPU
		{2339BF0D-968C-465C-8D8E-3A9853F2B834}.Release|Any CPU.ActiveCfg = Release|Any CPU
		{2339BF0D-968C-465C-8D8E-3A9853F2B834}.Release|Any CPU.Build.0 = Release|Any CPU
		{89B90F6D-08C2-4AA9-B124-68CCE1DA9B08}.Debug|Any CPU.ActiveCfg = Debug|Any CPU
		{89B90F6D-08C2-4AA9-B124-68CCE1DA9B08}.Debug|Any CPU.Build.0 = Debug|Any CPU
		{89B90F6D-08C2-4AA9-B124-68CCE1DA9B08}.Release|Any CPU.ActiveCfg = Release|Any CPU
		{89B90F6D-08C2-4AA9-B124-68CCE1DA9B08}.Release|Any CPU.Build.0 = Release|Any CPU
		{BD10E927-03F7-440A-BC3E-F307503CCAF6}.Debug|Any CPU.ActiveCfg = Debug|Any CPU
		{BD10E927-03F7-440A-BC3E-F307503CCAF6}.Debug|Any CPU.Build.0 = Debug|Any CPU
		{BD10E927-03F7-440A-BC3E-F307503CCAF6}.Release|Any CPU.ActiveCfg = Release|Any CPU
		{BD10E927-03F7-440A-BC3E-F307503CCAF6}.Release|Any CPU.Build.0 = Release|Any CPU
		{0BA9C168-B2A5-418F-8F13-24D273A54E99}.Debug|Any CPU.ActiveCfg = Debug|Any CPU
		{0BA9C168-B2A5-418F-8F13-24D273A54E99}.Debug|Any CPU.Build.0 = Debug|Any CPU
		{0BA9C168-B2A5-418F-8F13-24D273A54E99}.Release|Any CPU.ActiveCfg = Release|Any CPU
		{0BA9C168-B2A5-418F-8F13-24D273A54E99}.Release|Any CPU.Build.0 = Release|Any CPU
		{574C28CE-D24B-427C-B663-BDC41EB7255A}.Debug|Any CPU.ActiveCfg = Debug|Any CPU
		{574C28CE-D24B-427C-B663-BDC41EB7255A}.Debug|Any CPU.Build.0 = Debug|Any CPU
		{574C28CE-D24B-427C-B663-BDC41EB7255A}.Release|Any CPU.ActiveCfg = Release|Any CPU
		{574C28CE-D24B-427C-B663-BDC41EB7255A}.Release|Any CPU.Build.0 = Release|Any CPU
		{CF21066E-11C9-4BCF-B21B-2D7CB17611A1}.Debug|Any CPU.ActiveCfg = Debug|Any CPU
		{CF21066E-11C9-4BCF-B21B-2D7CB17611A1}.Debug|Any CPU.Build.0 = Debug|Any CPU
		{CF21066E-11C9-4BCF-B21B-2D7CB17611A1}.Release|Any CPU.ActiveCfg = Release|Any CPU
		{CF21066E-11C9-4BCF-B21B-2D7CB17611A1}.Release|Any CPU.Build.0 = Release|Any CPU
		{B62D19C1-7ED0-4482-9836-2EBA884CF83F}.Debug|Any CPU.ActiveCfg = Debug|Any CPU
		{B62D19C1-7ED0-4482-9836-2EBA884CF83F}.Debug|Any CPU.Build.0 = Debug|Any CPU
		{B62D19C1-7ED0-4482-9836-2EBA884CF83F}.Release|Any CPU.ActiveCfg = Release|Any CPU
		{B62D19C1-7ED0-4482-9836-2EBA884CF83F}.Release|Any CPU.Build.0 = Release|Any CPU
		{53D5CCFD-982C-477D-A8B8-B16D9F1CB08B}.Debug|Any CPU.ActiveCfg = Debug|Any CPU
		{53D5CCFD-982C-477D-A8B8-B16D9F1CB08B}.Debug|Any CPU.Build.0 = Debug|Any CPU
		{53D5CCFD-982C-477D-A8B8-B16D9F1CB08B}.Release|Any CPU.ActiveCfg = Release|Any CPU
		{53D5CCFD-982C-477D-A8B8-B16D9F1CB08B}.Release|Any CPU.Build.0 = Release|Any CPU
		{A1C5D605-4521-4294-869C-735F74511984}.Debug|Any CPU.ActiveCfg = Debug|Any CPU
		{A1C5D605-4521-4294-869C-735F74511984}.Debug|Any CPU.Build.0 = Debug|Any CPU
		{A1C5D605-4521-4294-869C-735F74511984}.Release|Any CPU.ActiveCfg = Release|Any CPU
		{A1C5D605-4521-4294-869C-735F74511984}.Release|Any CPU.Build.0 = Release|Any CPU
		{B42EF7CD-F0D1-4155-88FA-EFAE030EDCF4}.Debug|Any CPU.ActiveCfg = Debug|Any CPU
		{B42EF7CD-F0D1-4155-88FA-EFAE030EDCF4}.Debug|Any CPU.Build.0 = Debug|Any CPU
		{B42EF7CD-F0D1-4155-88FA-EFAE030EDCF4}.Release|Any CPU.ActiveCfg = Release|Any CPU
		{B42EF7CD-F0D1-4155-88FA-EFAE030EDCF4}.Release|Any CPU.Build.0 = Release|Any CPU
		{A6896773-6B07-4D48-A007-64802E25A034}.Debug|Any CPU.ActiveCfg = Debug|Any CPU
		{A6896773-6B07-4D48-A007-64802E25A034}.Debug|Any CPU.Build.0 = Debug|Any CPU
		{A6896773-6B07-4D48-A007-64802E25A034}.Release|Any CPU.ActiveCfg = Release|Any CPU
		{A6896773-6B07-4D48-A007-64802E25A034}.Release|Any CPU.Build.0 = Release|Any CPU
		{0C881348-6A72-41EA-99AA-9070A3E1E1A2}.Debug|Any CPU.ActiveCfg = Debug|Any CPU
		{0C881348-6A72-41EA-99AA-9070A3E1E1A2}.Debug|Any CPU.Build.0 = Debug|Any CPU
		{0C881348-6A72-41EA-99AA-9070A3E1E1A2}.Release|Any CPU.ActiveCfg = Release|Any CPU
		{0C881348-6A72-41EA-99AA-9070A3E1E1A2}.Release|Any CPU.Build.0 = Release|Any CPU
		{3E175D0D-40E2-438F-B7C4-A6F4A7417582}.Debug|Any CPU.ActiveCfg = Debug|Any CPU
		{3E175D0D-40E2-438F-B7C4-A6F4A7417582}.Debug|Any CPU.Build.0 = Debug|Any CPU
		{3E175D0D-40E2-438F-B7C4-A6F4A7417582}.Release|Any CPU.ActiveCfg = Release|Any CPU
		{3E175D0D-40E2-438F-B7C4-A6F4A7417582}.Release|Any CPU.Build.0 = Release|Any CPU
		{65624FFF-3BAB-47CC-918C-5AEF8E1D0B8F}.Debug|Any CPU.ActiveCfg = Debug|Any CPU
		{65624FFF-3BAB-47CC-918C-5AEF8E1D0B8F}.Debug|Any CPU.Build.0 = Debug|Any CPU
		{65624FFF-3BAB-47CC-918C-5AEF8E1D0B8F}.Release|Any CPU.ActiveCfg = Release|Any CPU
		{65624FFF-3BAB-47CC-918C-5AEF8E1D0B8F}.Release|Any CPU.Build.0 = Release|Any CPU
		{7ACB47E2-A357-4CF8-95D1-98297733C089}.Debug|Any CPU.ActiveCfg = Debug|Any CPU
		{7ACB47E2-A357-4CF8-95D1-98297733C089}.Debug|Any CPU.Build.0 = Debug|Any CPU
		{7ACB47E2-A357-4CF8-95D1-98297733C089}.Release|Any CPU.ActiveCfg = Release|Any CPU
		{7ACB47E2-A357-4CF8-95D1-98297733C089}.Release|Any CPU.Build.0 = Release|Any CPU
		{8F73CAE3-2CFE-4028-90BB-D72AFB5DECE4}.Debug|Any CPU.ActiveCfg = Debug|Any CPU
		{8F73CAE3-2CFE-4028-90BB-D72AFB5DECE4}.Debug|Any CPU.Build.0 = Debug|Any CPU
		{8F73CAE3-2CFE-4028-90BB-D72AFB5DECE4}.Release|Any CPU.ActiveCfg = Release|Any CPU
		{8F73CAE3-2CFE-4028-90BB-D72AFB5DECE4}.Release|Any CPU.Build.0 = Release|Any CPU
		{646A75FB-7888-426C-9F06-F838E507E5F5}.Debug|Any CPU.ActiveCfg = Debug|Any CPU
		{646A75FB-7888-426C-9F06-F838E507E5F5}.Debug|Any CPU.Build.0 = Debug|Any CPU
		{646A75FB-7888-426C-9F06-F838E507E5F5}.Release|Any CPU.ActiveCfg = Release|Any CPU
		{646A75FB-7888-426C-9F06-F838E507E5F5}.Release|Any CPU.Build.0 = Release|Any CPU
		{1341408E-ADC3-4A3B-9AD7-0FD4CA0E43F6}.Debug|Any CPU.ActiveCfg = Debug|Any CPU
		{1341408E-ADC3-4A3B-9AD7-0FD4CA0E43F6}.Debug|Any CPU.Build.0 = Debug|Any CPU
		{1341408E-ADC3-4A3B-9AD7-0FD4CA0E43F6}.Release|Any CPU.ActiveCfg = Release|Any CPU
		{1341408E-ADC3-4A3B-9AD7-0FD4CA0E43F6}.Release|Any CPU.Build.0 = Release|Any CPU
		{46BF26CE-C14E-49A2-9966-57DADFE568AE}.Debug|Any CPU.ActiveCfg = Debug|Any CPU
		{46BF26CE-C14E-49A2-9966-57DADFE568AE}.Debug|Any CPU.Build.0 = Debug|Any CPU
		{46BF26CE-C14E-49A2-9966-57DADFE568AE}.Release|Any CPU.ActiveCfg = Release|Any CPU
		{46BF26CE-C14E-49A2-9966-57DADFE568AE}.Release|Any CPU.Build.0 = Release|Any CPU
		{F5A29672-DDCE-4633-82C1-FF7AFDE411D5}.Debug|Any CPU.ActiveCfg = Debug|Any CPU
		{F5A29672-DDCE-4633-82C1-FF7AFDE411D5}.Debug|Any CPU.Build.0 = Debug|Any CPU
		{F5A29672-DDCE-4633-82C1-FF7AFDE411D5}.Release|Any CPU.ActiveCfg = Release|Any CPU
		{F5A29672-DDCE-4633-82C1-FF7AFDE411D5}.Release|Any CPU.Build.0 = Release|Any CPU
	EndGlobalSection
	GlobalSection(NestedProjects) = preSolution
		{42CB70A2-68E4-4EB7-8AAD-4E2F987D01BA} = {365B0452-4BCB-4E07-B1AC-4D2760A4C710}
		{24A4F6B2-5761-4888-9B25-1E79A23E8572} = {42CB70A2-68E4-4EB7-8AAD-4E2F987D01BA}
		{CC415B91-1DE4-46AC-BAF3-6B85DAA154C9} = {42CB70A2-68E4-4EB7-8AAD-4E2F987D01BA}
		{121393B8-1E90-4620-A200-444315FFB75D} = {42CB70A2-68E4-4EB7-8AAD-4E2F987D01BA}
		{F46B0519-54A9-4F29-BB69-B5D23B8E1360} = {42CB70A2-68E4-4EB7-8AAD-4E2F987D01BA}
		{57F97432-0A3A-4947-9C94-C1937E658D1F} = {365B0452-4BCB-4E07-B1AC-4D2760A4C710}
		{2339BF0D-968C-465C-8D8E-3A9853F2B834} = {57F97432-0A3A-4947-9C94-C1937E658D1F}
		{89B90F6D-08C2-4AA9-B124-68CCE1DA9B08} = {57F97432-0A3A-4947-9C94-C1937E658D1F}
		{0BA9C168-B2A5-418F-8F13-24D273A54E99} = {57F97432-0A3A-4947-9C94-C1937E658D1F}
		{BD10E927-03F7-440A-BC3E-F307503CCAF6} = {57F97432-0A3A-4947-9C94-C1937E658D1F}
		{E02E9B38-E79C-4C27-8C1E-5E37705A72D0} = {365B0452-4BCB-4E07-B1AC-4D2760A4C710}
		{574C28CE-D24B-427C-B663-BDC41EB7255A} = {E02E9B38-E79C-4C27-8C1E-5E37705A72D0}
		{CF21066E-11C9-4BCF-B21B-2D7CB17611A1} = {E02E9B38-E79C-4C27-8C1E-5E37705A72D0}
		{B62D19C1-7ED0-4482-9836-2EBA884CF83F} = {E02E9B38-E79C-4C27-8C1E-5E37705A72D0}
		{53D5CCFD-982C-477D-A8B8-B16D9F1CB08B} = {E02E9B38-E79C-4C27-8C1E-5E37705A72D0}
		{84FBE110-0D05-4831-9467-24C690D7563E} = {365B0452-4BCB-4E07-B1AC-4D2760A4C710}
		{A1C5D605-4521-4294-869C-735F74511984} = {84FBE110-0D05-4831-9467-24C690D7563E}
		{B42EF7CD-F0D1-4155-88FA-EFAE030EDCF4} = {84FBE110-0D05-4831-9467-24C690D7563E}
		{A6896773-6B07-4D48-A007-64802E25A034} = {84FBE110-0D05-4831-9467-24C690D7563E}
		{0C881348-6A72-41EA-99AA-9070A3E1E1A2} = {84FBE110-0D05-4831-9467-24C690D7563E}
		{2F35331B-7C2C-4C4F-B90D-DA4F8E0B4F45} = {365B0452-4BCB-4E07-B1AC-4D2760A4C710}
		{3E175D0D-40E2-438F-B7C4-A6F4A7417582} = {2F35331B-7C2C-4C4F-B90D-DA4F8E0B4F45}
		{65624FFF-3BAB-47CC-918C-5AEF8E1D0B8F} = {2F35331B-7C2C-4C4F-B90D-DA4F8E0B4F45}
		{7ACB47E2-A357-4CF8-95D1-98297733C089} = {2F35331B-7C2C-4C4F-B90D-DA4F8E0B4F45}
		{8F73CAE3-2CFE-4028-90BB-D72AFB5DECE4} = {2F35331B-7C2C-4C4F-B90D-DA4F8E0B4F45}
		{445F8544-3B58-4B2B-84CE-D5B983656989} = {365B0452-4BCB-4E07-B1AC-4D2760A4C710}
		{5CEEE9EB-53E9-48DF-BF2D-E4E5FE371042} = {445F8544-3B58-4B2B-84CE-D5B983656989}
		{646A75FB-7888-426C-9F06-F838E507E5F5} = {5CEEE9EB-53E9-48DF-BF2D-E4E5FE371042}
		{1341408E-ADC3-4A3B-9AD7-0FD4CA0E43F6} = {5CEEE9EB-53E9-48DF-BF2D-E4E5FE371042}
		{46BF26CE-C14E-49A2-9966-57DADFE568AE} = {5CEEE9EB-53E9-48DF-BF2D-E4E5FE371042}
		{F5A29672-DDCE-4633-82C1-FF7AFDE411D5} = {5CEEE9EB-53E9-48DF-BF2D-E4E5FE371042}
	EndGlobalSection
EndGlobal
